
Microsoft Visual Studio Solution File, Format Version 12.00
# Visual Studio Version 17
VisualStudioVersion = 17.0.31903.59
MinimumVisualStudioVersion = 10.0.40219.1
Project("{FAE04EC0-301F-11D3-BF4B-00C04F79EFBC}") = "AndroidApp", "AndroidApp\AndroidApp.csproj", "{7051F597-2BFA-45D4-BC13-A3935C43FFF1}"
EndProject
Project("{2150E333-8FDC-42A3-9474-1A3956D46DE8}") = "src", "src", "{7AD72A4A-4371-4779-9078-ED04EF3C5A69}"
EndProject
Project("{FAE04EC0-301F-11D3-BF4B-00C04F79EFBC}") = "AndroidAppMetrica", "src\AndroidAppMetrica\AndroidAppMetrica.csproj", "{906C5698-BDAE-4980-922A-A3D1DC574BD5}"
EndProject
Global
	GlobalSection(SolutionConfigurationPlatforms) = preSolution
		Debug|Any CPU = Debug|Any CPU
		Release|Any CPU = Release|Any CPU
	EndGlobalSection
	GlobalSection(ProjectConfigurationPlatforms) = postSolution
		{7051F597-2BFA-45D4-BC13-A3935C43FFF1}.Debug|Any CPU.ActiveCfg = Debug|Any CPU
		{7051F597-2BFA-45D4-BC13-A3935C43FFF1}.Debug|Any CPU.Build.0 = Debug|Any CPU
		{7051F597-2BFA-45D4-BC13-A3935C43FFF1}.Release|Any CPU.ActiveCfg = Release|Any CPU
		{7051F597-2BFA-45D4-BC13-A3935C43FFF1}.Release|Any CPU.Build.0 = Release|Any CPU
		{906C5698-BDAE-4980-922A-A3D1DC574BD5}.Debug|Any CPU.ActiveCfg = Debug|Any CPU
		{906C5698-BDAE-4980-922A-A3D1DC574BD5}.Debug|Any CPU.Build.0 = Debug|Any CPU
		{906C5698-BDAE-4980-922A-A3D1DC574BD5}.Release|Any CPU.ActiveCfg = Release|Any CPU
		{906C5698-BDAE-4980-922A-A3D1DC574BD5}.Release|Any CPU.Build.0 = Release|Any CPU
	EndGlobalSection
	GlobalSection(SolutionProperties) = preSolution
		HideSolutionNode = FALSE
	EndGlobalSection
	GlobalSection(NestedProjects) = preSolution
		{906C5698-BDAE-4980-922A-A3D1DC574BD5} = {7AD72A4A-4371-4779-9078-ED04EF3C5A69}
	EndGlobalSection
EndGlobal
